// !$*UTF8*$!
{
	archiveVersion = 1;
	classes = {
	};
	objectVersion = 50;
	objects = {

/* Begin PBXBuildFile section */
		3496F8FA2316CD5600EDD46B /* AppDelegate.swift in Sources */ = {isa = PBXBuildFile; fileRef = 3496F8F92316CD5600EDD46B /* AppDelegate.swift */; };
		3496F8FC2316CD5600EDD46B /* ViewController.swift in Sources */ = {isa = PBXBuildFile; fileRef = 3496F8FB2316CD5600EDD46B /* ViewController.swift */; };
		3496F8FF2316CD5600EDD46B /* Main.storyboard in Resources */ = {isa = PBXBuildFile; fileRef = 3496F8FD2316CD5600EDD46B /* Main.storyboard */; };
		3496F9022316CD5600EDD46B /* SwiftTutorialPurposes.xcdatamodeld in Sources */ = {isa = PBXBuildFile; fileRef = 3496F9002316CD5600EDD46B /* SwiftTutorialPurposes.xcdatamodeld */; };
		3496F9042316CD5700EDD46B /* Assets.xcassets in Resources */ = {isa = PBXBuildFile; fileRef = 3496F9032316CD5700EDD46B /* Assets.xcassets */; };
		3496F9072316CD5700EDD46B /* LaunchScreen.storyboard in Resources */ = {isa = PBXBuildFile; fileRef = 3496F9052316CD5700EDD46B /* LaunchScreen.storyboard */; };
		3496F9122316CD5700EDD46B /* SwiftTutorialPurposesTests.swift in Sources */ = {isa = PBXBuildFile; fileRef = 3496F9112316CD5700EDD46B /* SwiftTutorialPurposesTests.swift */; };
/* End PBXBuildFile section */

/* Begin PBXContainerItemProxy section */
		3496F90E2316CD5700EDD46B /* PBXContainerItemProxy */ = {
			isa = PBXContainerItemProxy;
			containerPortal = 3496F8EE2316CD5600EDD46B /* Project object */;
			proxyType = 1;
			remoteGlobalIDString = 3496F8F52316CD5600EDD46B;
			remoteInfo = SwiftTutorialPurposes;
		};
/* End PBXContainerItemProxy section */

/* Begin PBXFileReference section */
		3496F8F62316CD5600EDD46B /* SwiftTutorialPurposes.app */ = {isa = PBXFileReference; explicitFileType = wrapper.application; includeInIndex = 0; path = SwiftTutorialPurposes.app; sourceTree = BUILT_PRODUCTS_DIR; };
		3496F8F92316CD5600EDD46B /* AppDelegate.swift */ = {isa = PBXFileReference; lastKnownFileType = sourcecode.swift; path = AppDelegate.swift; sourceTree = "<group>"; };
		3496F8FB2316CD5600EDD46B /* ViewController.swift */ = {isa = PBXFileReference; lastKnownFileType = sourcecode.swift; path = ViewController.swift; sourceTree = "<group>"; };
		3496F8FE2316CD5600EDD46B /* Base */ = {isa = PBXFileReference; lastKnownFileType = file.storyboard; name = Base; path = Base.lproj/Main.storyboard; sourceTree = "<group>"; };
		3496F9012316CD5600EDD46B /* SwiftTutorialPurposes.xcdatamodel */ = {isa = PBXFileReference; lastKnownFileType = wrapper.xcdatamodel; path = SwiftTutorialPurposes.xcdatamodel; sourceTree = "<group>"; };
		3496F9032316CD5700EDD46B /* Assets.xcassets */ = {isa = PBXFileReference; lastKnownFileType = folder.assetcatalog; path = Assets.xcassets; sourceTree = "<group>"; };
		3496F9062316CD5700EDD46B /* Base */ = {isa = PBXFileReference; lastKnownFileType = file.storyboard; name = Base; path = Base.lproj/LaunchScreen.storyboard; sourceTree = "<group>"; };
		3496F9082316CD5700EDD46B /* Info.plist */ = {isa = PBXFileReference; lastKnownFileType = text.plist.xml; path = Info.plist; sourceTree = "<group>"; };
		3496F90D2316CD5700EDD46B /* SwiftTutorialPurposesTests.xctest */ = {isa = PBXFileReference; explicitFileType = wrapper.cfbundle; includeInIndex = 0; path = SwiftTutorialPurposesTests.xctest; sourceTree = BUILT_PRODUCTS_DIR; };
		3496F9112316CD5700EDD46B /* SwiftTutorialPurposesTests.swift */ = {isa = PBXFileReference; lastKnownFileType = sourcecode.swift; path = SwiftTutorialPurposesTests.swift; sourceTree = "<group>"; };
		3496F9132316CD5700EDD46B /* Info.plist */ = {isa = PBXFileReference; lastKnownFileType = text.plist.xml; path = Info.plist; sourceTree = "<group>"; };
/* End PBXFileReference section */

/* Begin PBXFrameworksBuildPhase section */
		3496F8F32316CD5600EDD46B /* Frameworks */ = {
			isa = PBXFrameworksBuildPhase;
			buildActionMask = 2147483647;
			files = (
			);
			runOnlyForDeploymentPostprocessing = 0;
		};
		3496F90A2316CD5700EDD46B /* Frameworks */ = {
			isa = PBXFrameworksBuildPhase;
			buildActionMask = 2147483647;
			files = (
			);
			runOnlyForDeploymentPostprocessing = 0;
		};
/* End PBXFrameworksBuildPhase section */

/* Begin PBXGroup section */
		3496F8ED2316CD5600EDD46B = {
			isa = PBXGroup;
			children = (
				3496F8F82316CD5600EDD46B /* SwiftTutorialPurposes */,
				3496F9102316CD5700EDD46B /* SwiftTutorialPurposesTests */,
				3496F8F72316CD5600EDD46B /* Products */,
			);
			sourceTree = "<group>";
		};
		3496F8F72316CD5600EDD46B /* Products */ = {
			isa = PBXGroup;
			children = (
				3496F8F62316CD5600EDD46B /* SwiftTutorialPurposes.app */,
				3496F90D2316CD5700EDD46B /* SwiftTutorialPurposesTests.xctest */,
			);
			name = Products;
			sourceTree = "<group>";
		};
		3496F8F82316CD5600EDD46B /* SwiftTutorialPurposes */ = {
			isa = PBXGroup;
			children = (
				3496F8F92316CD5600EDD46B /* AppDelegate.swift */,
				3496F8FB2316CD5600EDD46B /* ViewController.swift */,
				3496F8FD2316CD5600EDD46B /* Main.storyboard */,
				3496F9032316CD5700EDD46B /* Assets.xcassets */,
				3496F9052316CD5700EDD46B /* LaunchScreen.storyboard */,
				3496F9082316CD5700EDD46B /* Info.plist */,
				3496F9002316CD5600EDD46B /* SwiftTutorialPurposes.xcdatamodeld */,
			);
			path = SwiftTutorialPurposes;
			sourceTree = "<group>";
		};
		3496F9102316CD5700EDD46B /* SwiftTutorialPurposesTests */ = {
			isa = PBXGroup;
			children = (
				3496F9112316CD5700EDD46B /* SwiftTutorialPurposesTests.swift */,
				3496F9132316CD5700EDD46B /* Info.plist */,
			);
			path = SwiftTutorialPurposesTests;
			sourceTree = "<group>";
		};
/* End PBXGroup section */

/* Begin PBXNativeTarget section */
		3496F8F52316CD5600EDD46B /* SwiftTutorialPurposes */ = {
			isa = PBXNativeTarget;
			buildConfigurationList = 3496F9162316CD5700EDD46B /* Build configuration list for PBXNativeTarget "SwiftTutorialPurposes" */;
			buildPhases = (
				3496F8F22316CD5600EDD46B /* Sources */,
				3496F8F32316CD5600EDD46B /* Frameworks */,
				3496F8F42316CD5600EDD46B /* Resources */,
			);
			buildRules = (
			);
			dependencies = (
			);
			name = SwiftTutorialPurposes;
			productName = SwiftTutorialPurposes;
			productReference = 3496F8F62316CD5600EDD46B /* SwiftTutorialPurposes.app */;
			productType = "com.apple.product-type.application";
		};
		3496F90C2316CD5700EDD46B /* SwiftTutorialPurposesTests */ = {
			isa = PBXNativeTarget;
			buildConfigurationList = 3496F9192316CD5700EDD46B /* Build configuration list for PBXNativeTarget "SwiftTutorialPurposesTests" */;
			buildPhases = (
				3496F9092316CD5700EDD46B /* Sources */,
				3496F90A2316CD5700EDD46B /* Frameworks */,
				3496F90B2316CD5700EDD46B /* Resources */,
			);
			buildRules = (
			);
			dependencies = (
				3496F90F2316CD5700EDD46B /* PBXTargetDependency */,
			);
			name = SwiftTutorialPurposesTests;
			productName = SwiftTutorialPurposesTests;
			productReference = 3496F90D2316CD5700EDD46B /* SwiftTutorialPurposesTests.xctest */;
			productType = "com.apple.product-type.bundle.unit-test";
		};
/* End PBXNativeTarget section */

/* Begin PBXProject section */
		3496F8EE2316CD5600EDD46B /* Project object */ = {
			isa = PBXProject;
			attributes = {
				LastSwiftUpdateCheck = 1030;
				LastUpgradeCheck = 1030;
				ORGANIZATIONNAME = "Linar Alimov";
				TargetAttributes = {
					3496F8F52316CD5600EDD46B = {
						CreatedOnToolsVersion = 10.3;
					};
					3496F90C2316CD5700EDD46B = {
						CreatedOnToolsVersion = 10.3;
						TestTargetID = 3496F8F52316CD5600EDD46B;
					};
				};
			};
			buildConfigurationList = 3496F8F12316CD5600EDD46B /* Build configuration list for PBXProject "SwiftTutorialPurposes" */;
			compatibilityVersion = "Xcode 9.3";
			developmentRegion = en;
			hasScannedForEncodings = 0;
			knownRegions = (
				en,
				Base,
			);
			mainGroup = 3496F8ED2316CD5600EDD46B;
			productRefGroup = 3496F8F72316CD5600EDD46B /* Products */;
			projectDirPath = "";
			projectRoot = "";
			targets = (
				3496F8F52316CD5600EDD46B /* SwiftTutorialPurposes */,
				3496F90C2316CD5700EDD46B /* SwiftTutorialPurposesTests */,
			);
		};
/* End PBXProject section */

/* Begin PBXResourcesBuildPhase section */
		3496F8F42316CD5600EDD46B /* Resources */ = {
			isa = PBXResourcesBuildPhase;
			buildActionMask = 2147483647;
			files = (
				3496F9072316CD5700EDD46B /* LaunchScreen.storyboard in Resources */,
				3496F9042316CD5700EDD46B /* Assets.xcassets in Resources */,
				3496F8FF2316CD5600EDD46B /* Main.storyboard in Resources */,
			);
			runOnlyForDeploymentPostprocessing = 0;
		};
		3496F90B2316CD5700EDD46B /* Resources */ = {
			isa = PBXResourcesBuildPhase;
			buildActionMask = 2147483647;
			files = (
			);
			runOnlyForDeploymentPostprocessing = 0;
		};
/* End PBXResourcesBuildPhase section */

/* Begin PBXSourcesBuildPhase section */
		3496F8F22316CD5600EDD46B /* Sources */ = {
			isa = PBXSourcesBuildPhase;
			buildActionMask = 2147483647;
			files = (
				3496F8FC2316CD5600EDD46B /* ViewController.swift in Sources */,
				3496F9022316CD5600EDD46B /* SwiftTutorialPurposes.xcdatamodeld in Sources */,
				3496F8FA2316CD5600EDD46B /* AppDelegate.swift in Sources */,
			);
			runOnlyForDeploymentPostprocessing = 0;
		};
		3496F9092316CD5700EDD46B /* Sources */ = {
			isa = PBXSourcesBuildPhase;
			buildActionMask = 2147483647;
			files = (
				3496F9122316CD5700EDD46B /* SwiftTutorialPurposesTests.swift in Sources */,
			);
			runOnlyForDeploymentPostprocessing = 0;
		};
/* End PBXSourcesBuildPhase section */

/* Begin PBXTargetDependency section */
		3496F90F2316CD5700EDD46B /* PBXTargetDependency */ = {
			isa = PBXTargetDependency;
			target = 3496F8F52316CD5600EDD46B /* SwiftTutorialPurposes */;
			targetProxy = 3496F90E2316CD5700EDD46B /* PBXContainerItemProxy */;
		};
/* End PBXTargetDependency section */

/* Begin PBXVariantGroup section */
		3496F8FD2316CD5600EDD46B /* Main.storyboard */ = {
			isa = PBXVariantGroup;
			children = (
				3496F8FE2316CD5600EDD46B /* Base */,
			);
			name = Main.storyboard;
			sourceTree = "<group>";
		};
		3496F9052316CD5700EDD46B /* LaunchScreen.storyboard */ = {
			isa = PBXVariantGroup;
			children = (
				3496F9062316CD5700EDD46B /* Base */,
			);
			name = LaunchScreen.storyboard;
			sourceTree = "<group>";
		};
/* End PBXVariantGroup section */

/* Begin XCBuildConfiguration section */
		3496F9142316CD5700EDD46B /* Debug */ = {
			isa = XCBuildConfiguration;
			buildSettings = {
				ALWAYS_SEARCH_USER_PATHS = NO;
				CLANG_ANALYZER_NONNULL = YES;
				CLANG_ANALYZER_NUMBER_OBJECT_CONVERSION = YES_AGGRESSIVE;
				CLANG_CXX_LANGUAGE_STANDARD = "gnu++14";
				CLANG_CXX_LIBRARY = "libc++";
				CLANG_ENABLE_MODULES = YES;
				CLANG_ENABLE_OBJC_ARC = YES;
				CLANG_ENABLE_OBJC_WEAK = YES;
				CLANG_WARN_BLOCK_CAPTURE_AUTORELEASING = YES;
				CLANG_WARN_BOOL_CONVERSION = YES;
				CLANG_WARN_COMMA = YES;
				CLANG_WARN_CONSTANT_CONVERSION = YES;
				CLANG_WARN_DEPRECATED_OBJC_IMPLEMENTATIONS = YES;
				CLANG_WARN_DIRECT_OBJC_ISA_USAGE = YES_ERROR;
				CLANG_WARN_DOCUMENTATION_COMMENTS = YES;
				CLANG_WARN_EMPTY_BODY = YES;
				CLANG_WARN_ENUM_CONVERSION = YES;
				CLANG_WARN_INFINITE_RECURSION = YES;
				CLANG_WARN_INT_CONVERSION = YES;
				CLANG_WARN_NON_LITERAL_NULL_CONVERSION = YES;
				CLANG_WARN_OBJC_IMPLICIT_RETAIN_SELF = YES;
				CLANG_WARN_OBJC_LITERAL_CONVERSION = YES;
				CLANG_WARN_OBJC_ROOT_CLASS = YES_ERROR;
				CLANG_WARN_RANGE_LOOP_ANALYSIS = YES;
				CLANG_WARN_STRICT_PROTOTYPES = YES;
				CLANG_WARN_SUSPICIOUS_MOVE = YES;
				CLANG_WARN_UNGUARDED_AVAILABILITY = YES_AGGRESSIVE;
				CLANG_WARN_UNREACHABLE_CODE = YES;
				CLANG_WARN__DUPLICATE_METHOD_MATCH = YES;
				CODE_SIGN_IDENTITY = "iPhone Developer";
				COPY_PHASE_STRIP = NO;
				DEBUG_INFORMATION_FORMAT = dwarf;
				ENABLE_STRICT_OBJC_MSGSEND = YES;
				ENABLE_TESTABILITY = YES;
				GCC_C_LANGUAGE_STANDARD = gnu11;
				GCC_DYNAMIC_NO_PIC = NO;
				GCC_NO_COMMON_BLOCKS = YES;
				GCC_OPTIMIZATION_LEVEL = 0;
				GCC_PREPROCESSOR_DEFINITIONS = (
					"DEBUG=1",
					"$(inherited)",
				);
				GCC_WARN_64_TO_32_BIT_CONVERSION = YES;
				GCC_WARN_ABOUT_RETURN_TYPE = YES_ERROR;
				GCC_WARN_UNDECLARED_SELECTOR = YES;
				GCC_WARN_UNINITIALIZED_AUTOS = YES_AGGRESSIVE;
				GCC_WARN_UNUSED_FUNCTION = YES;
				GCC_WARN_UNUSED_VARIABLE = YES;
				IPHONEOS_DEPLOYMENT_TARGET = 12.4;
				MTL_ENABLE_DEBUG_INFO = INCLUDE_SOURCE;
				MTL_FAST_MATH = YES;
				ONLY_ACTIVE_ARCH = YES;
				SDKROOT = iphoneos;
				SWIFT_ACTIVE_COMPILATION_CONDITIONS = DEBUG;
				SWIFT_OPTIMIZATION_LEVEL = "-Onone";
			};
			name = Debug;
		};
		3496F9152316CD5700EDD46B /* Release */ = {
			isa = XCBuildConfiguration;
			buildSettings = {
				ALWAYS_SEARCH_USER_PATHS = NO;
				CLANG_ANALYZER_NONNULL = YES;
				CLANG_ANALYZER_NUMBER_OBJECT_CONVERSION = YES_AGGRESSIVE;
				CLANG_CXX_LANGUAGE_STANDARD = "gnu++14";
				CLANG_CXX_LIBRARY = "libc++";
				CLANG_ENABLE_MODULES = YES;
				CLANG_ENABLE_OBJC_ARC = YES;
				CLANG_ENABLE_OBJC_WEAK = YES;
				CLANG_WARN_BLOCK_CAPTURE_AUTORELEASING = YES;
				CLANG_WARN_BOOL_CONVERSION = YES;
				CLANG_WARN_COMMA = YES;
				CLANG_WARN_CONSTANT_CONVERSION = YES;
				CLANG_WARN_DEPRECATED_OBJC_IMPLEMENTATIONS = YES;
				CLANG_WARN_DIRECT_OBJC_ISA_USAGE = YES_ERROR;
				CLANG_WARN_DOCUMENTATION_COMMENTS = YES;
				CLANG_WARN_EMPTY_BODY = YES;
				CLANG_WARN_ENUM_CONVERSION = YES;
				CLANG_WARN_INFINITE_RECURSION = YES;
				CLANG_WARN_INT_CONVERSION = YES;
				CLANG_WARN_NON_LITERAL_NULL_CONVERSION = YES;
				CLANG_WARN_OBJC_IMPLICIT_RETAIN_SELF = YES;
				CLANG_WARN_OBJC_LITERAL_CONVERSION = YES;
				CLANG_WARN_OBJC_ROOT_CLASS = YES_ERROR;
				CLANG_WARN_RANGE_LOOP_ANALYSIS = YES;
				CLANG_WARN_STRICT_PROTOTYPES = YES;
				CLANG_WARN_SUSPICIOUS_MOVE = YES;
				CLANG_WARN_UNGUARDED_AVAILABILITY = YES_AGGRESSIVE;
				CLANG_WARN_UNREACHABLE_CODE = YES;
				CLANG_WARN__DUPLICATE_METHOD_MATCH = YES;
				CODE_SIGN_IDENTITY = "iPhone Developer";
				COPY_PHASE_STRIP = NO;
				DEBUG_INFORMATION_FORMAT = "dwarf-with-dsym";
				ENABLE_NS_ASSERTIONS = NO;
				ENABLE_STRICT_OBJC_MSGSEND = YES;
				GCC_C_LANGUAGE_STANDARD = gnu11;
				GCC_NO_COMMON_BLOCKS = YES;
				GCC_WARN_64_TO_32_BIT_CONVERSION = YES;
				GCC_WARN_ABOUT_RETURN_TYPE = YES_ERROR;
				GCC_WARN_UNDECLARED_SELECTOR = YES;
				GCC_WARN_UNINITIALIZED_AUTOS = YES_AGGRESSIVE;
				GCC_WARN_UNUSED_FUNCTION = YES;
				GCC_WARN_UNUSED_VARIABLE = YES;
				IPHONEOS_DEPLOYMENT_TARGET = 12.4;
				MTL_ENABLE_DEBUG_INFO = NO;
				MTL_FAST_MATH = YES;
				SDKROOT = iphoneos;
				SWIFT_COMPILATION_MODE = wholemodule;
				SWIFT_OPTIMIZATION_LEVEL = "-O";
				VALIDATE_PRODUCT = YES;
			};
			name = Release;
		};
		3496F9172316CD5700EDD46B /* Debug */ = {
			isa = XCBuildConfiguration;
			buildSettings = {
				ASSETCATALOG_COMPILER_APPICON_NAME = AppIcon;
				CODE_SIGN_STYLE = Automatic;
				INFOPLIST_FILE = SwiftTutorialPurposes/Info.plist;
				LD_RUNPATH_SEARCH_PATHS = (
					"$(inherited)",
					"@executable_path/Frameworks",
				);
				PRODUCT_BUNDLE_IDENTIFIER = LinarAlimov.SwiftTutorialPurposes;
				PRODUCT_NAME = "$(TARGET_NAME)";
				SWIFT_VERSION = 5.0;
				TARGETED_DEVICE_FAMILY = "1,2";
			};
			name = Debug;
		};
		3496F9182316CD5700EDD46B /* Release */ = {
			isa = XCBuildConfiguration;
			buildSettings = {
				ASSETCATALOG_COMPILER_APPICON_NAME = AppIcon;
				CODE_SIGN_STYLE = Automatic;
				INFOPLIST_FILE = SwiftTutorialPurposes/Info.plist;
				LD_RUNPATH_SEARCH_PATHS = (
					"$(inherited)",
					"@executable_path/Frameworks",
				);
				PRODUCT_BUNDLE_IDENTIFIER = LinarAlimov.SwiftTutorialPurposes;
				PRODUCT_NAME = "$(TARGET_NAME)";
				SWIFT_VERSION = 5.0;
				TARGETED_DEVICE_FAMILY = "1,2";
			};
			name = Release;
		};
		3496F91A2316CD5700EDD46B /* Debug */ = {
			isa = XCBuildConfiguration;
			buildSettings = {
				ALWAYS_EMBED_SWIFT_STANDARD_LIBRARIES = YES;
				BUNDLE_LOADER = "$(TEST_HOST)";
				CODE_SIGN_STYLE = Automatic;
				INFOPLIST_FILE = SwiftTutorialPurposesTests/Info.plist;
				LD_RUNPATH_SEARCH_PATHS = (
					"$(inherited)",
					"@executable_path/Frameworks",
					"@loader_path/Frameworks",
				);
				PRODUCT_BUNDLE_IDENTIFIER = LinarAlimov.SwiftTutorialPurposesTests;
				PRODUCT_NAME = "$(TARGET_NAME)";
				SWIFT_VERSION = 5.0;
				TARGETED_DEVICE_FAMILY = "1,2";
				TEST_HOST = "$(BUILT_PRODUCTS_DIR)/SwiftTutorialPurposes.app/SwiftTutorialPurposes";
			};
			name = Debug;
		};
		3496F91B2316CD5700EDD46B /* Release */ = {
			isa = XCBuildConfiguration;
			buildSettings = {
				ALWAYS_EMBED_SWIFT_STANDARD_LIBRARIES = YES;
				BUNDLE_LOADER = "$(TEST_HOST)";
				CODE_SIGN_STYLE = Automatic;
				INFOPLIST_FILE = SwiftTutorialPurposesTests/Info.plist;
				LD_RUNPATH_SEARCH_PATHS = (
					"$(inherited)",
					"@executable_path/Frameworks",
					"@loader_path/Frameworks",
				);
				PRODUCT_BUNDLE_IDENTIFIER = LinarAlimov.SwiftTutorialPurposesTests;
				PRODUCT_NAME = "$(TARGET_NAME)";
				SWIFT_VERSION = 5.0;
				TARGETED_DEVICE_FAMILY = "1,2";
				TEST_HOST = "$(BUILT_PRODUCTS_DIR)/SwiftTutorialPurposes.app/SwiftTutorialPurposes";
			};
			name = Release;
		};
/* End XCBuildConfiguration section */

/* Begin XCConfigurationList section */
		3496F8F12316CD5600EDD46B /* Build configuration list for PBXProject "SwiftTutorialPurposes" */ = {
			isa = XCConfigurationList;
			buildConfigurations = (
				3496F9142316CD5700EDD46B /* Debug */,
				3496F9152316CD5700EDD46B /* Release */,
			);
			defaultConfigurationIsVisible = 0;
			defaultConfigurationName = Release;
		};
		3496F9162316CD5700EDD46B /* Build configuration list for PBXNativeTarget "SwiftTutorialPurposes" */ = {
			isa = XCConfigurationList;
			buildConfigurations = (
				3496F9172316CD5700EDD46B /* Debug */,
				3496F9182316CD5700EDD46B /* Release */,
			);
			defaultConfigurationIsVisible = 0;
			defaultConfigurationName = Release;
		};
		3496F9192316CD5700EDD46B /* Build configuration list for PBXNativeTarget "SwiftTutorialPurposesTests" */ = {
			isa = XCConfigurationList;
			buildConfigurations = (
				3496F91A2316CD5700EDD46B /* Debug */,
				3496F91B2316CD5700EDD46B /* Release */,
			);
			defaultConfigurationIsVisible = 0;
			defaultConfigurationName = Release;
		};
/* End XCConfigurationList section */

/* Begin XCVersionGroup section */
		3496F9002316CD5600EDD46B /* SwiftTutorialPurposes.xcdatamodeld */ = {
			isa = XCVersionGroup;
			children = (
				3496F9012316CD5600EDD46B /* SwiftTutorialPurposes.xcdatamodel */,
			);
			currentVersion = 3496F9012316CD5600EDD46B /* SwiftTutorialPurposes.xcdatamodel */;
			path = SwiftTutorialPurposes.xcdatamodeld;
			sourceTree = "<group>";
			versionGroupType = wrapper.xcdatamodel;
		};
/* End XCVersionGroup section */
	};
	rootObject = 3496F8EE2316CD5600EDD46B /* Project object */;
}
