// !$*UTF8*$!
{
	archiveVersion = 1;
	classes = {
	};
	objectVersion = 50;
	objects = {

/* Begin PBXBuildFile section */
		34905F13231A5688008106DB /* AppDelegate.swift in Sources */ = {isa = PBXBuildFile; fileRef = 34905F12231A5688008106DB /* AppDelegate.swift */; };
		34905F15231A5688008106DB /* ViewController.swift in Sources */ = {isa = PBXBuildFile; fileRef = 34905F14231A5688008106DB /* ViewController.swift */; };
		34905F18231A5688008106DB /* Main.storyboard in Resources */ = {isa = PBXBuildFile; fileRef = 34905F16231A5688008106DB /* Main.storyboard */; };
		34905F1B231A5688008106DB /* Vitalic.xcdatamodeld in Sources */ = {isa = PBXBuildFile; fileRef = 34905F19231A5688008106DB /* Vitalic.xcdatamodeld */; };
		34905F1D231A5689008106DB /* Assets.xcassets in Resources */ = {isa = PBXBuildFile; fileRef = 34905F1C231A5689008106DB /* Assets.xcassets */; };
		34905F20231A5689008106DB /* LaunchScreen.storyboard in Resources */ = {isa = PBXBuildFile; fileRef = 34905F1E231A5689008106DB /* LaunchScreen.storyboard */; };
		34905F2B231A5689008106DB /* VitalicTests.swift in Sources */ = {isa = PBXBuildFile; fileRef = 34905F2A231A5689008106DB /* VitalicTests.swift */; };
/* End PBXBuildFile section */

/* Begin PBXContainerItemProxy section */
		34905F27231A5689008106DB /* PBXContainerItemProxy */ = {
			isa = PBXContainerItemProxy;
			containerPortal = 34905F07231A5688008106DB /* Project object */;
			proxyType = 1;
			remoteGlobalIDString = 34905F0E231A5688008106DB;
			remoteInfo = Vitalic;
		};
/* End PBXContainerItemProxy section */

/* Begin PBXFileReference section */
		34905F0F231A5688008106DB /* Vitalic.app */ = {isa = PBXFileReference; explicitFileType = wrapper.application; includeInIndex = 0; path = Vitalic.app; sourceTree = BUILT_PRODUCTS_DIR; };
		34905F12231A5688008106DB /* AppDelegate.swift */ = {isa = PBXFileReference; lastKnownFileType = sourcecode.swift; path = AppDelegate.swift; sourceTree = "<group>"; };
		34905F14231A5688008106DB /* ViewController.swift */ = {isa = PBXFileReference; lastKnownFileType = sourcecode.swift; path = ViewController.swift; sourceTree = "<group>"; };
		34905F17231A5688008106DB /* Base */ = {isa = PBXFileReference; lastKnownFileType = file.storyboard; name = Base; path = Base.lproj/Main.storyboard; sourceTree = "<group>"; };
		34905F1A231A5688008106DB /* Vitalic.xcdatamodel */ = {isa = PBXFileReference; lastKnownFileType = wrapper.xcdatamodel; path = Vitalic.xcdatamodel; sourceTree = "<group>"; };
		34905F1C231A5689008106DB /* Assets.xcassets */ = {isa = PBXFileReference; lastKnownFileType = folder.assetcatalog; path = Assets.xcassets; sourceTree = "<group>"; };
		34905F1F231A5689008106DB /* Base */ = {isa = PBXFileReference; lastKnownFileType = file.storyboard; name = Base; path = Base.lproj/LaunchScreen.storyboard; sourceTree = "<group>"; };
		34905F21231A5689008106DB /* Info.plist */ = {isa = PBXFileReference; lastKnownFileType = text.plist.xml; path = Info.plist; sourceTree = "<group>"; };
		34905F26231A5689008106DB /* VitalicTests.xctest */ = {isa = PBXFileReference; explicitFileType = wrapper.cfbundle; includeInIndex = 0; path = VitalicTests.xctest; sourceTree = BUILT_PRODUCTS_DIR; };
		34905F2A231A5689008106DB /* VitalicTests.swift */ = {isa = PBXFileReference; lastKnownFileType = sourcecode.swift; path = VitalicTests.swift; sourceTree = "<group>"; };
		34905F2C231A5689008106DB /* Info.plist */ = {isa = PBXFileReference; lastKnownFileType = text.plist.xml; path = Info.plist; sourceTree = "<group>"; };
/* End PBXFileReference section */

/* Begin PBXFrameworksBuildPhase section */
		34905F0C231A5688008106DB /* Frameworks */ = {
			isa = PBXFrameworksBuildPhase;
			buildActionMask = 2147483647;
			files = (
			);
			runOnlyForDeploymentPostprocessing = 0;
		};
		34905F23231A5689008106DB /* Frameworks */ = {
			isa = PBXFrameworksBuildPhase;
			buildActionMask = 2147483647;
			files = (
			);
			runOnlyForDeploymentPostprocessing = 0;
		};
/* End PBXFrameworksBuildPhase section */

/* Begin PBXGroup section */
		34905F06231A5688008106DB = {
			isa = PBXGroup;
			children = (
				34905F11231A5688008106DB /* Vitalic */,
				34905F29231A5689008106DB /* VitalicTests */,
				34905F10231A5688008106DB /* Products */,
			);
			sourceTree = "<group>";
		};
		34905F10231A5688008106DB /* Products */ = {
			isa = PBXGroup;
			children = (
				34905F0F231A5688008106DB /* Vitalic.app */,
				34905F26231A5689008106DB /* VitalicTests.xctest */,
			);
			name = Products;
			sourceTree = "<group>";
		};
		34905F11231A5688008106DB /* Vitalic */ = {
			isa = PBXGroup;
			children = (
				34905F12231A5688008106DB /* AppDelegate.swift */,
				34905F14231A5688008106DB /* ViewController.swift */,
				34905F16231A5688008106DB /* Main.storyboard */,
				34905F1C231A5689008106DB /* Assets.xcassets */,
				34905F1E231A5689008106DB /* LaunchScreen.storyboard */,
				34905F21231A5689008106DB /* Info.plist */,
				34905F19231A5688008106DB /* Vitalic.xcdatamodeld */,
			);
			path = Vitalic;
			sourceTree = "<group>";
		};
		34905F29231A5689008106DB /* VitalicTests */ = {
			isa = PBXGroup;
			children = (
				34905F2A231A5689008106DB /* VitalicTests.swift */,
				34905F2C231A5689008106DB /* Info.plist */,
			);
			path = VitalicTests;
			sourceTree = "<group>";
		};
/* End PBXGroup section */

/* Begin PBXNativeTarget section */
		34905F0E231A5688008106DB /* Vitalic */ = {
			isa = PBXNativeTarget;
			buildConfigurationList = 34905F2F231A5689008106DB /* Build configuration list for PBXNativeTarget "Vitalic" */;
			buildPhases = (
				34905F0B231A5688008106DB /* Sources */,
				34905F0C231A5688008106DB /* Frameworks */,
				34905F0D231A5688008106DB /* Resources */,
			);
			buildRules = (
			);
			dependencies = (
			);
			name = Vitalic;
			productName = Vitalic;
			productReference = 34905F0F231A5688008106DB /* Vitalic.app */;
			productType = "com.apple.product-type.application";
		};
		34905F25231A5689008106DB /* VitalicTests */ = {
			isa = PBXNativeTarget;
			buildConfigurationList = 34905F32231A5689008106DB /* Build configuration list for PBXNativeTarget "VitalicTests" */;
			buildPhases = (
				34905F22231A5689008106DB /* Sources */,
				34905F23231A5689008106DB /* Frameworks */,
				34905F24231A5689008106DB /* Resources */,
			);
			buildRules = (
			);
			dependencies = (
				34905F28231A5689008106DB /* PBXTargetDependency */,
			);
			name = VitalicTests;
			productName = VitalicTests;
			productReference = 34905F26231A5689008106DB /* VitalicTests.xctest */;
			productType = "com.apple.product-type.bundle.unit-test";
		};
/* End PBXNativeTarget section */

/* Begin PBXProject section */
		34905F07231A5688008106DB /* Project object */ = {
			isa = PBXProject;
			attributes = {
				LastSwiftUpdateCheck = 1030;
				LastUpgradeCheck = 1030;
				ORGANIZATIONNAME = "Linar Alimov";
				TargetAttributes = {
					34905F0E231A5688008106DB = {
						CreatedOnToolsVersion = 10.3;
					};
					34905F25231A5689008106DB = {
						CreatedOnToolsVersion = 10.3;
						TestTargetID = 34905F0E231A5688008106DB;
					};
				};
			};
			buildConfigurationList = 34905F0A231A5688008106DB /* Build configuration list for PBXProject "Vitalic" */;
			compatibilityVersion = "Xcode 9.3";
			developmentRegion = en;
			hasScannedForEncodings = 0;
			knownRegions = (
				en,
				Base,
			);
			mainGroup = 34905F06231A5688008106DB;
			productRefGroup = 34905F10231A5688008106DB /* Products */;
			projectDirPath = "";
			projectRoot = "";
			targets = (
				34905F0E231A5688008106DB /* Vitalic */,
				34905F25231A5689008106DB /* VitalicTests */,
			);
		};
/* End PBXProject section */

/* Begin PBXResourcesBuildPhase section */
		34905F0D231A5688008106DB /* Resources */ = {
			isa = PBXResourcesBuildPhase;
			buildActionMask = 2147483647;
			files = (
				34905F20231A5689008106DB /* LaunchScreen.storyboard in Resources */,
				34905F1D231A5689008106DB /* Assets.xcassets in Resources */,
				34905F18231A5688008106DB /* Main.storyboard in Resources */,
			);
			runOnlyForDeploymentPostprocessing = 0;
		};
		34905F24231A5689008106DB /* Resources */ = {
			isa = PBXResourcesBuildPhase;
			buildActionMask = 2147483647;
			files = (
			);
			runOnlyForDeploymentPostprocessing = 0;
		};
/* End PBXResourcesBuildPhase section */

/* Begin PBXSourcesBuildPhase section */
		34905F0B231A5688008106DB /* Sources */ = {
			isa = PBXSourcesBuildPhase;
			buildActionMask = 2147483647;
			files = (
				34905F15231A5688008106DB /* ViewController.swift in Sources */,
				34905F1B231A5688008106DB /* Vitalic.xcdatamodeld in Sources */,
				34905F13231A5688008106DB /* AppDelegate.swift in Sources */,
			);
			runOnlyForDeploymentPostprocessing = 0;
		};
		34905F22231A5689008106DB /* Sources */ = {
			isa = PBXSourcesBuildPhase;
			buildActionMask = 2147483647;
			files = (
				34905F2B231A5689008106DB /* VitalicTests.swift in Sources */,
			);
			runOnlyForDeploymentPostprocessing = 0;
		};
/* End PBXSourcesBuildPhase section */

/* Begin PBXTargetDependency section */
		34905F28231A5689008106DB /* PBXTargetDependency */ = {
			isa = PBXTargetDependency;
			target = 34905F0E231A5688008106DB /* Vitalic */;
			targetProxy = 34905F27231A5689008106DB /* PBXContainerItemProxy */;
		};
/* End PBXTargetDependency section */

/* Begin PBXVariantGroup section */
		34905F16231A5688008106DB /* Main.storyboard */ = {
			isa = PBXVariantGroup;
			children = (
				34905F17231A5688008106DB /* Base */,
			);
			name = Main.storyboard;
			sourceTree = "<group>";
		};
		34905F1E231A5689008106DB /* LaunchScreen.storyboard */ = {
			isa = PBXVariantGroup;
			children = (
				34905F1F231A5689008106DB /* Base */,
			);
			name = LaunchScreen.storyboard;
			sourceTree = "<group>";
		};
/* End PBXVariantGroup section */

/* Begin XCBuildConfiguration section */
		34905F2D231A5689008106DB /* Debug */ = {
			isa = XCBuildConfiguration;
			buildSettings = {
				ALWAYS_SEARCH_USER_PATHS = NO;
				CLANG_ANALYZER_NONNULL = YES;
				CLANG_ANALYZER_NUMBER_OBJECT_CONVERSION = YES_AGGRESSIVE;
				CLANG_CXX_LANGUAGE_STANDARD = "gnu++14";
				CLANG_CXX_LIBRARY = "libc++";
				CLANG_ENABLE_MODULES = YES;
				CLANG_ENABLE_OBJC_ARC = YES;
				CLANG_ENABLE_OBJC_WEAK = YES;
				CLANG_WARN_BLOCK_CAPTURE_AUTORELEASING = YES;
				CLANG_WARN_BOOL_CONVERSION = YES;
				CLANG_WARN_COMMA = YES;
				CLANG_WARN_CONSTANT_CONVERSION = YES;
				CLANG_WARN_DEPRECATED_OBJC_IMPLEMENTATIONS = YES;
				CLANG_WARN_DIRECT_OBJC_ISA_USAGE = YES_ERROR;
				CLANG_WARN_DOCUMENTATION_COMMENTS = YES;
				CLANG_WARN_EMPTY_BODY = YES;
				CLANG_WARN_ENUM_CONVERSION = YES;
				CLANG_WARN_INFINITE_RECURSION = YES;
				CLANG_WARN_INT_CONVERSION = YES;
				CLANG_WARN_NON_LITERAL_NULL_CONVERSION = YES;
				CLANG_WARN_OBJC_IMPLICIT_RETAIN_SELF = YES;
				CLANG_WARN_OBJC_LITERAL_CONVERSION = YES;
				CLANG_WARN_OBJC_ROOT_CLASS = YES_ERROR;
				CLANG_WARN_RANGE_LOOP_ANALYSIS = YES;
				CLANG_WARN_STRICT_PROTOTYPES = YES;
				CLANG_WARN_SUSPICIOUS_MOVE = YES;
				CLANG_WARN_UNGUARDED_AVAILABILITY = YES_AGGRESSIVE;
				CLANG_WARN_UNREACHABLE_CODE = YES;
				CLANG_WARN__DUPLICATE_METHOD_MATCH = YES;
				CODE_SIGN_IDENTITY = "iPhone Developer";
				COPY_PHASE_STRIP = NO;
				DEBUG_INFORMATION_FORMAT = dwarf;
				ENABLE_STRICT_OBJC_MSGSEND = YES;
				ENABLE_TESTABILITY = YES;
				GCC_C_LANGUAGE_STANDARD = gnu11;
				GCC_DYNAMIC_NO_PIC = NO;
				GCC_NO_COMMON_BLOCKS = YES;
				GCC_OPTIMIZATION_LEVEL = 0;
				GCC_PREPROCESSOR_DEFINITIONS = (
					"DEBUG=1",
					"$(inherited)",
				);
				GCC_WARN_64_TO_32_BIT_CONVERSION = YES;
				GCC_WARN_ABOUT_RETURN_TYPE = YES_ERROR;
				GCC_WARN_UNDECLARED_SELECTOR = YES;
				GCC_WARN_UNINITIALIZED_AUTOS = YES_AGGRESSIVE;
				GCC_WARN_UNUSED_FUNCTION = YES;
				GCC_WARN_UNUSED_VARIABLE = YES;
				IPHONEOS_DEPLOYMENT_TARGET = 12.4;
				MTL_ENABLE_DEBUG_INFO = INCLUDE_SOURCE;
				MTL_FAST_MATH = YES;
				ONLY_ACTIVE_ARCH = YES;
				SDKROOT = iphoneos;
				SWIFT_ACTIVE_COMPILATION_CONDITIONS = DEBUG;
				SWIFT_OPTIMIZATION_LEVEL = "-Onone";
			};
			name = Debug;
		};
		34905F2E231A5689008106DB /* Release */ = {
			isa = XCBuildConfiguration;
			buildSettings = {
				ALWAYS_SEARCH_USER_PATHS = NO;
				CLANG_ANALYZER_NONNULL = YES;
				CLANG_ANALYZER_NUMBER_OBJECT_CONVERSION = YES_AGGRESSIVE;
				CLANG_CXX_LANGUAGE_STANDARD = "gnu++14";
				CLANG_CXX_LIBRARY = "libc++";
				CLANG_ENABLE_MODULES = YES;
				CLANG_ENABLE_OBJC_ARC = YES;
				CLANG_ENABLE_OBJC_WEAK = YES;
				CLANG_WARN_BLOCK_CAPTURE_AUTORELEASING = YES;
				CLANG_WARN_BOOL_CONVERSION = YES;
				CLANG_WARN_COMMA = YES;
				CLANG_WARN_CONSTANT_CONVERSION = YES;
				CLANG_WARN_DEPRECATED_OBJC_IMPLEMENTATIONS = YES;
				CLANG_WARN_DIRECT_OBJC_ISA_USAGE = YES_ERROR;
				CLANG_WARN_DOCUMENTATION_COMMENTS = YES;
				CLANG_WARN_EMPTY_BODY = YES;
				CLANG_WARN_ENUM_CONVERSION = YES;
				CLANG_WARN_INFINITE_RECURSION = YES;
				CLANG_WARN_INT_CONVERSION = YES;
				CLANG_WARN_NON_LITERAL_NULL_CONVERSION = YES;
				CLANG_WARN_OBJC_IMPLICIT_RETAIN_SELF = YES;
				CLANG_WARN_OBJC_LITERAL_CONVERSION = YES;
				CLANG_WARN_OBJC_ROOT_CLASS = YES_ERROR;
				CLANG_WARN_RANGE_LOOP_ANALYSIS = YES;
				CLANG_WARN_STRICT_PROTOTYPES = YES;
				CLANG_WARN_SUSPICIOUS_MOVE = YES;
				CLANG_WARN_UNGUARDED_AVAILABILITY = YES_AGGRESSIVE;
				CLANG_WARN_UNREACHABLE_CODE = YES;
				CLANG_WARN__DUPLICATE_METHOD_MATCH = YES;
				CODE_SIGN_IDENTITY = "iPhone Developer";
				COPY_PHASE_STRIP = NO;
				DEBUG_INFORMATION_FORMAT = "dwarf-with-dsym";
				ENABLE_NS_ASSERTIONS = NO;
				ENABLE_STRICT_OBJC_MSGSEND = YES;
				GCC_C_LANGUAGE_STANDARD = gnu11;
				GCC_NO_COMMON_BLOCKS = YES;
				GCC_WARN_64_TO_32_BIT_CONVERSION = YES;
				GCC_WARN_ABOUT_RETURN_TYPE = YES_ERROR;
				GCC_WARN_UNDECLARED_SELECTOR = YES;
				GCC_WARN_UNINITIALIZED_AUTOS = YES_AGGRESSIVE;
				GCC_WARN_UNUSED_FUNCTION = YES;
				GCC_WARN_UNUSED_VARIABLE = YES;
				IPHONEOS_DEPLOYMENT_TARGET = 12.4;
				MTL_ENABLE_DEBUG_INFO = NO;
				MTL_FAST_MATH = YES;
				SDKROOT = iphoneos;
				SWIFT_COMPILATION_MODE = wholemodule;
				SWIFT_OPTIMIZATION_LEVEL = "-O";
				VALIDATE_PRODUCT = YES;
			};
			name = Release;
		};
		34905F30231A5689008106DB /* Debug */ = {
			isa = XCBuildConfiguration;
			buildSettings = {
				ASSETCATALOG_COMPILER_APPICON_NAME = AppIcon;
				CODE_SIGN_STYLE = Automatic;
				INFOPLIST_FILE = Vitalic/Info.plist;
				LD_RUNPATH_SEARCH_PATHS = (
					"$(inherited)",
					"@executable_path/Frameworks",
				);
				PRODUCT_BUNDLE_IDENTIFIER = LinarAlimov.Vitalic;
				PRODUCT_NAME = "$(TARGET_NAME)";
				SWIFT_VERSION = 5.0;
				TARGETED_DEVICE_FAMILY = "1,2";
			};
			name = Debug;
		};
		34905F31231A5689008106DB /* Release */ = {
			isa = XCBuildConfiguration;
			buildSettings = {
				ASSETCATALOG_COMPILER_APPICON_NAME = AppIcon;
				CODE_SIGN_STYLE = Automatic;
				INFOPLIST_FILE = Vitalic/Info.plist;
				LD_RUNPATH_SEARCH_PATHS = (
					"$(inherited)",
					"@executable_path/Frameworks",
				);
				PRODUCT_BUNDLE_IDENTIFIER = LinarAlimov.Vitalic;
				PRODUCT_NAME = "$(TARGET_NAME)";
				SWIFT_VERSION = 5.0;
				TARGETED_DEVICE_FAMILY = "1,2";
			};
			name = Release;
		};
		34905F33231A5689008106DB /* Debug */ = {
			isa = XCBuildConfiguration;
			buildSettings = {
				ALWAYS_EMBED_SWIFT_STANDARD_LIBRARIES = YES;
				BUNDLE_LOADER = "$(TEST_HOST)";
				CODE_SIGN_STYLE = Automatic;
				INFOPLIST_FILE = VitalicTests/Info.plist;
				LD_RUNPATH_SEARCH_PATHS = (
					"$(inherited)",
					"@executable_path/Frameworks",
					"@loader_path/Frameworks",
				);
				PRODUCT_BUNDLE_IDENTIFIER = LinarAlimov.VitalicTests;
				PRODUCT_NAME = "$(TARGET_NAME)";
				SWIFT_VERSION = 5.0;
				TARGETED_DEVICE_FAMILY = "1,2";
				TEST_HOST = "$(BUILT_PRODUCTS_DIR)/Vitalic.app/Vitalic";
			};
			name = Debug;
		};
		34905F34231A5689008106DB /* Release */ = {
			isa = XCBuildConfiguration;
			buildSettings = {
				ALWAYS_EMBED_SWIFT_STANDARD_LIBRARIES = YES;
				BUNDLE_LOADER = "$(TEST_HOST)";
				CODE_SIGN_STYLE = Automatic;
				INFOPLIST_FILE = VitalicTests/Info.plist;
				LD_RUNPATH_SEARCH_PATHS = (
					"$(inherited)",
					"@executable_path/Frameworks",
					"@loader_path/Frameworks",
				);
				PRODUCT_BUNDLE_IDENTIFIER = LinarAlimov.VitalicTests;
				PRODUCT_NAME = "$(TARGET_NAME)";
				SWIFT_VERSION = 5.0;
				TARGETED_DEVICE_FAMILY = "1,2";
				TEST_HOST = "$(BUILT_PRODUCTS_DIR)/Vitalic.app/Vitalic";
			};
			name = Release;
		};
/* End XCBuildConfiguration section */

/* Begin XCConfigurationList section */
		34905F0A231A5688008106DB /* Build configuration list for PBXProject "Vitalic" */ = {
			isa = XCConfigurationList;
			buildConfigurations = (
				34905F2D231A5689008106DB /* Debug */,
				34905F2E231A5689008106DB /* Release */,
			);
			defaultConfigurationIsVisible = 0;
			defaultConfigurationName = Release;
		};
		34905F2F231A5689008106DB /* Build configuration list for PBXNativeTarget "Vitalic" */ = {
			isa = XCConfigurationList;
			buildConfigurations = (
				34905F30231A5689008106DB /* Debug */,
				34905F31231A5689008106DB /* Release */,
			);
			defaultConfigurationIsVisible = 0;
			defaultConfigurationName = Release;
		};
		34905F32231A5689008106DB /* Build configuration list for PBXNativeTarget "VitalicTests" */ = {
			isa = XCConfigurationList;
			buildConfigurations = (
				34905F33231A5689008106DB /* Debug */,
				34905F34231A5689008106DB /* Release */,
			);
			defaultConfigurationIsVisible = 0;
			defaultConfigurationName = Release;
		};
/* End XCConfigurationList section */

/* Begin XCVersionGroup section */
		34905F19231A5688008106DB /* Vitalic.xcdatamodeld */ = {
			isa = XCVersionGroup;
			children = (
				34905F1A231A5688008106DB /* Vitalic.xcdatamodel */,
			);
			currentVersion = 34905F1A231A5688008106DB /* Vitalic.xcdatamodel */;
			path = Vitalic.xcdatamodeld;
			sourceTree = "<group>";
			versionGroupType = wrapper.xcdatamodel;
		};
/* End XCVersionGroup section */
	};
	rootObject = 34905F07231A5688008106DB /* Project object */;
}
